
Microsoft Visual Studio Solution File, Format Version 12.00
# Visual Studio Version 17
VisualStudioVersion = 17.8.34511.84
MinimumVisualStudioVersion = 10.0.40219.1
Project("{FAE04EC0-301F-11D3-BF4B-00C04F79EFBC}") = "WebApplication5", "WebApplication5\WebApplication5.csproj", "{DA6576B5-8798-40B6-8384-F983556EFA6C}"
EndProject
Global
	GlobalSection(SolutionConfigurationPlatforms) = preSolution
		Debug|Any CPU = Debug|Any CPU
		Release|Any CPU = Release|Any CPU
	EndGlobalSection
	GlobalSection(ProjectConfigurationPlatforms) = postSolution
		{DA6576B5-8798-40B6-8384-F983556EFA6C}.Debug|Any CPU.ActiveCfg = Debug|Any CPU
		{DA6576B5-8798-40B6-8384-F983556EFA6C}.Debug|Any CPU.Build.0 = Debug|Any CPU
		{DA6576B5-8798-40B6-8384-F983556EFA6C}.Release|Any CPU.ActiveCfg = Release|Any CPU
		{DA6576B5-8798-40B6-8384-F983556EFA6C}.Release|Any CPU.Build.0 = Release|Any CPU
	EndGlobalSection
	GlobalSection(SolutionProperties) = preSolution
		HideSolutionNode = FALSE
	EndGlobalSection
	GlobalSection(ExtensibilityGlobals) = postSolution
		SolutionGuid = {ADF255DB-8F18-4523-A884-DE570EE286F9}
	EndGlobalSection
EndGlobal
